
Microsoft Visual Studio Solution File, Format Version 12.00
# Visual Studio 15
VisualStudioVersion = 15.0.28307.1831
MinimumVisualStudioVersion = 10.0.40219.1
Project("{FAE04EC0-301F-11D3-BF4B-00C04F79EFBC}") = "exportToExcel", "exportToExcel\exportToExcel.csproj", "{626F27D2-DAF3-4255-8C42-AD33DDD50808}"
EndProject
Global
	GlobalSection(SolutionConfigurationPlatforms) = preSolution
		Debug|x64 = Debug|x64
		Release|x64 = Release|x64
	EndGlobalSection
	GlobalSection(ProjectConfigurationPlatforms) = postSolution
		{626F27D2-DAF3-4255-8C42-AD33DDD50808}.Debug|x64.ActiveCfg = Debug|x64
		{626F27D2-DAF3-4255-8C42-AD33DDD50808}.Debug|x64.Build.0 = Debug|x64
		{626F27D2-DAF3-4255-8C42-AD33DDD50808}.Release|x64.ActiveCfg = Release|x64
		{626F27D2-DAF3-4255-8C42-AD33DDD50808}.Release|x64.Build.0 = Release|x64
	EndGlobalSection
	GlobalSection(SolutionProperties) = preSolution
		HideSolutionNode = FALSE
	EndGlobalSection
	GlobalSection(ExtensibilityGlobals) = postSolution
		SolutionGuid = {A9921727-EF9D-48B0-8B82-D7F84B8A7E5B}
	EndGlobalSection
EndGlobal
